# THIS IS AN AUTOGENERATED FILE. DO NOT EDIT THIS FILE DIRECTLY.
# yarn lockfile v1


"@types/node@^13.1.4":
  version "13.1.4"
  resolved "https://registry.npm.taobao.org/@types/node/download/@types/node-13.1.4.tgz?cache=0&sync_timestamp=1578098191860&other_urls=https%3A%2F%2Fregistry.npm.taobao.org%2F%40types%2Fnode%2Fdownload%2F%40types%2Fnode-13.1.4.tgz#4cfd90175a200ee9b02bd6b1cd19bc349741607e"

"@types/path-to-regexp@^1.7.0":
  version "1.7.0"
  resolved "https://registry.npm.taobao.org/@types/path-to-regexp/download/@types/path-to-regexp-1.7.0.tgz#f1af9d9c9db5f8ad80aa75ed424db665c48d6cd4"
  dependencies:
    path-to-regexp "*"

path-to-regexp@*, path-to-regexp@^6.1.0:
  version "6.1.0"
  resolved "https://registry.npm.taobao.org/path-to-regexp/download/path-to-regexp-6.1.0.tgz?cache=0&other_urls=https%3A%2F%2Fregistry.npm.taobao.org%2Fpath-to-regexp%2Fdownload%2Fpath-to-regexp-6.1.0.tgz#0b18f88b7a0ce0bfae6a25990c909ab86f512427"
